
Microsoft Visual Studio Solution File, Format Version 12.00
# Visual Studio Version 17
VisualStudioVersion = 17.4.33110.190
MinimumVisualStudioVersion = 10.0.40219.1
Project("{FAE04EC0-301F-11D3-BF4B-00C04F79EFBC}") = "Uebung1", "Uebung1\Uebung1.csproj", "{77940B9C-6EFB-46DF-9BC1-1F627CDBA588}"
EndProject
Global
	GlobalSection(SolutionConfigurationPlatforms) = preSolution
		Debug|Any CPU = Debug|Any CPU
		Release|Any CPU = Release|Any CPU
	EndGlobalSection
	GlobalSection(ProjectConfigurationPlatforms) = postSolution
		{77940B9C-6EFB-46DF-9BC1-1F627CDBA588}.Debug|Any CPU.ActiveCfg = Debug|Any CPU
		{77940B9C-6EFB-46DF-9BC1-1F627CDBA588}.Debug|Any CPU.Build.0 = Debug|Any CPU
		{77940B9C-6EFB-46DF-9BC1-1F627CDBA588}.Release|Any CPU.ActiveCfg = Release|Any CPU
		{77940B9C-6EFB-46DF-9BC1-1F627CDBA588}.Release|Any CPU.Build.0 = Release|Any CPU
	EndGlobalSection
	GlobalSection(SolutionProperties) = preSolution
		HideSolutionNode = FALSE
	EndGlobalSection
	GlobalSection(ExtensibilityGlobals) = postSolution
		SolutionGuid = {ACC0E944-2B05-4428-BA8E-872200200689}
	EndGlobalSection
EndGlobal
